PODS:
  - Nimble (3.2.0)
  - UncommonCrypto (1.0.0)

DEPENDENCIES:
  - Nimble
  - UncommonCrypto (from `../`)

EXTERNAL SOURCES:
  UncommonCrypto:
    :path: "../"

SPEC CHECKSUMS:
  Nimble: 703854335d181df169bbca9c97117b5cf8c47c1d
  UncommonCrypto: e28771c4050fff24ae9a7b51ea606c761f17665f

PODFILE CHECKSUM: 8ae0ec694801fe74d359a9d97df2b11bead8c097

COCOAPODS: 1.0.1
