PODS:
  - Nimble (4.1.0)
  - UncommonCrypto (1.0.0)

DEPENDENCIES:
  - Nimble
  - UncommonCrypto (from `../`)

EXTERNAL SOURCES:
  UncommonCrypto:
    :path: "../"

SPEC CHECKSUMS:
  Nimble: 97a0a4cae5124c117115634b2d055d8c97d0af19
  UncommonCrypto: e28771c4050fff24ae9a7b51ea606c761f17665f

PODFILE CHECKSUM: 73cebced918ba869abe3f39ef53bc12af448441b

COCOAPODS: 1.0.1
