// !$*UTF8*$!
{
	archiveVersion = 1;
	classes = {
	};
	objectVersion = 47;
	objects = {

/* Begin PBXBuildFile section */
		372854971D21D3E800071B98 /* NSData+CRC32.m in Sources */ = {isa = PBXBuildFile; fileRef = 372854961D21D3E800071B98 /* NSData+CRC32.m */; };
		372E96551D2156C4006D99A0 /* KeyDerivationTests.swift in Sources */ = {isa = PBXBuildFile; fileRef = 372E96541D2156C4006D99A0 /* KeyDerivationTests.swift */; };
		37A65EAD1D22BA3F0051F1FD /* EncryptionTests.swift in Sources */ = {isa = PBXBuildFile; fileRef = 37A65EAC1D22BA3F0051F1FD /* EncryptionTests.swift */; };
		37AC880F1D237FB900FA4FEA /* CFB1GFSbox128.rsp in Resources */ = {isa = PBXBuildFile; fileRef = 37AC87C71D237FB900FA4FEA /* CFB1GFSbox128.rsp */; };
		37AC88101D237FB900FA4FEA /* CFB1GFSbox192.rsp in Resources */ = {isa = PBXBuildFile; fileRef = 37AC87C81D237FB900FA4FEA /* CFB1GFSbox192.rsp */; };
		37AC88111D237FB900FA4FEA /* CFB1GFSbox256.rsp in Resources */ = {isa = PBXBuildFile; fileRef = 37AC87C91D237FB900FA4FEA /* CFB1GFSbox256.rsp */; };
		37AC88121D237FB900FA4FEA /* CFB1KeySbox128.rsp in Resources */ = {isa = PBXBuildFile; fileRef = 37AC87CA1D237FB900FA4FEA /* CFB1KeySbox128.rsp */; };
		37AC88131D237FB900FA4FEA /* CFB1KeySbox192.rsp in Resources */ = {isa = PBXBuildFile; fileRef = 37AC87CB1D237FB900FA4FEA /* CFB1KeySbox192.rsp */; };
		37AC88141D237FB900FA4FEA /* CFB1KeySbox256.rsp in Resources */ = {isa = PBXBuildFile; fileRef = 37AC87CC1D237FB900FA4FEA /* CFB1KeySbox256.rsp */; };
		37AC88151D237FB900FA4FEA /* CFB1VarKey128.rsp in Resources */ = {isa = PBXBuildFile; fileRef = 37AC87CD1D237FB900FA4FEA /* CFB1VarKey128.rsp */; };
		37AC88161D237FB900FA4FEA /* CFB1VarKey192.rsp in Resources */ = {isa = PBXBuildFile; fileRef = 37AC87CE1D237FB900FA4FEA /* CFB1VarKey192.rsp */; };
		37AC88171D237FB900FA4FEA /* CFB1VarKey256.rsp in Resources */ = {isa = PBXBuildFile; fileRef = 37AC87CF1D237FB900FA4FEA /* CFB1VarKey256.rsp */; };
		37AC88181D237FB900FA4FEA /* CFB1VarTxt128.rsp in Resources */ = {isa = PBXBuildFile; fileRef = 37AC87D01D237FB900FA4FEA /* CFB1VarTxt128.rsp */; };
		37AC88191D237FB900FA4FEA /* CFB1VarTxt192.rsp in Resources */ = {isa = PBXBuildFile; fileRef = 37AC87D11D237FB900FA4FEA /* CFB1VarTxt192.rsp */; };
		37AC881A1D237FB900FA4FEA /* CFB1VarTxt256.rsp in Resources */ = {isa = PBXBuildFile; fileRef = 37AC87D21D237FB900FA4FEA /* CFB1VarTxt256.rsp */; };
		37AC881B1D237FB900FA4FEA /* CFB8GFSbox128.rsp in Resources */ = {isa = PBXBuildFile; fileRef = 37AC87D31D237FB900FA4FEA /* CFB8GFSbox128.rsp */; };
		37AC881C1D237FB900FA4FEA /* CFB8GFSbox192.rsp in Resources */ = {isa = PBXBuildFile; fileRef = 37AC87D41D237FB900FA4FEA /* CFB8GFSbox192.rsp */; };
		37AC881D1D237FB900FA4FEA /* CFB8GFSbox256.rsp in Resources */ = {isa = PBXBuildFile; fileRef = 37AC87D51D237FB900FA4FEA /* CFB8GFSbox256.rsp */; };
		37AC881E1D237FB900FA4FEA /* CFB8KeySbox128.rsp in Resources */ = {isa = PBXBuildFile; fileRef = 37AC87D61D237FB900FA4FEA /* CFB8KeySbox128.rsp */; };
		37AC881F1D237FB900FA4FEA /* CFB8KeySbox192.rsp in Resources */ = {isa = PBXBuildFile; fileRef = 37AC87D71D237FB900FA4FEA /* CFB8KeySbox192.rsp */; };
		37AC88201D237FB900FA4FEA /* CFB8KeySbox256.rsp in Resources */ = {isa = PBXBuildFile; fileRef = 37AC87D81D237FB900FA4FEA /* CFB8KeySbox256.rsp */; };
		37AC88211D237FB900FA4FEA /* CFB8VarKey128.rsp in Resources */ = {isa = PBXBuildFile; fileRef = 37AC87D91D237FB900FA4FEA /* CFB8VarKey128.rsp */; };
		37AC88221D237FB900FA4FEA /* CFB8VarKey192.rsp in Resources */ = {isa = PBXBuildFile; fileRef = 37AC87DA1D237FB900FA4FEA /* CFB8VarKey192.rsp */; };
		37AC88231D237FB900FA4FEA /* CFB8VarKey256.rsp in Resources */ = {isa = PBXBuildFile; fileRef = 37AC87DB1D237FB900FA4FEA /* CFB8VarKey256.rsp */; };
		37AC88241D237FB900FA4FEA /* CFB8VarTxt128.rsp in Resources */ = {isa = PBXBuildFile; fileRef = 37AC87DC1D237FB900FA4FEA /* CFB8VarTxt128.rsp */; };
		37AC88251D237FB900FA4FEA /* CFB8VarTxt192.rsp in Resources */ = {isa = PBXBuildFile; fileRef = 37AC87DD1D237FB900FA4FEA /* CFB8VarTxt192.rsp */; };
		37AC88261D237FB900FA4FEA /* CFB8VarTxt256.rsp in Resources */ = {isa = PBXBuildFile; fileRef = 37AC87DE1D237FB900FA4FEA /* CFB8VarTxt256.rsp */; };
		37AC88271D237FB900FA4FEA /* CFB128VarKey128.rsp in Resources */ = {isa = PBXBuildFile; fileRef = 37AC87DF1D237FB900FA4FEA /* CFB128VarKey128.rsp */; };
		37AC88281D237FB900FA4FEA /* CFB128VarKey192.rsp in Resources */ = {isa = PBXBuildFile; fileRef = 37AC87E01D237FB900FA4FEA /* CFB128VarKey192.rsp */; };
		37AC88291D237FB900FA4FEA /* CFB128VarKey256.rsp in Resources */ = {isa = PBXBuildFile; fileRef = 37AC87E11D237FB900FA4FEA /* CFB128VarKey256.rsp */; };
		37AC882A1D237FB900FA4FEA /* CFB128VarTxt128.rsp in Resources */ = {isa = PBXBuildFile; fileRef = 37AC87E21D237FB900FA4FEA /* CFB128VarTxt128.rsp */; };
		37AC882B1D237FB900FA4FEA /* CFB128VarTxt192.rsp in Resources */ = {isa = PBXBuildFile; fileRef = 37AC87E31D237FB900FA4FEA /* CFB128VarTxt192.rsp */; };
		37AC882C1D237FB900FA4FEA /* CFB128VarTxt256.rsp in Resources */ = {isa = PBXBuildFile; fileRef = 37AC87E41D237FB900FA4FEA /* CFB128VarTxt256.rsp */; };
		37AC882D1D237FB900FA4FEA /* ECBGFSbox128.rsp in Resources */ = {isa = PBXBuildFile; fileRef = 37AC87E51D237FB900FA4FEA /* ECBGFSbox128.rsp */; };
		37AC882E1D237FB900FA4FEA /* ECBGFSbox192.rsp in Resources */ = {isa = PBXBuildFile; fileRef = 37AC87E61D237FB900FA4FEA /* ECBGFSbox192.rsp */; };
		37AC882F1D237FB900FA4FEA /* ECBGFSbox256.rsp in Resources */ = {isa = PBXBuildFile; fileRef = 37AC87E71D237FB900FA4FEA /* ECBGFSbox256.rsp */; };
		37AC88301D237FB900FA4FEA /* ECBKeySbox128.rsp in Resources */ = {isa = PBXBuildFile; fileRef = 37AC87E81D237FB900FA4FEA /* ECBKeySbox128.rsp */; };
		37AC88311D237FB900FA4FEA /* ECBKeySbox192.rsp in Resources */ = {isa = PBXBuildFile; fileRef = 37AC87E91D237FB900FA4FEA /* ECBKeySbox192.rsp */; };
		37AC88321D237FB900FA4FEA /* ECBKeySbox256.rsp in Resources */ = {isa = PBXBuildFile; fileRef = 37AC87EA1D237FB900FA4FEA /* ECBKeySbox256.rsp */; };
		37AC88331D237FB900FA4FEA /* ECBVarKey128.rsp in Resources */ = {isa = PBXBuildFile; fileRef = 37AC87EB1D237FB900FA4FEA /* ECBVarKey128.rsp */; };
		37AC88341D237FB900FA4FEA /* ECBVarKey192.rsp in Resources */ = {isa = PBXBuildFile; fileRef = 37AC87EC1D237FB900FA4FEA /* ECBVarKey192.rsp */; };
		37AC88351D237FB900FA4FEA /* ECBVarKey256.rsp in Resources */ = {isa = PBXBuildFile; fileRef = 37AC87ED1D237FB900FA4FEA /* ECBVarKey256.rsp */; };
		37AC88361D237FB900FA4FEA /* ECBVarTxt128.rsp in Resources */ = {isa = PBXBuildFile; fileRef = 37AC87EE1D237FB900FA4FEA /* ECBVarTxt128.rsp */; };
		37AC88371D237FB900FA4FEA /* ECBVarTxt192.rsp in Resources */ = {isa = PBXBuildFile; fileRef = 37AC87EF1D237FB900FA4FEA /* ECBVarTxt192.rsp */; };
		37AC88381D237FB900FA4FEA /* ECBVarTxt256.rsp in Resources */ = {isa = PBXBuildFile; fileRef = 37AC87F01D237FB900FA4FEA /* ECBVarTxt256.rsp */; };
		37AC88391D237FB900FA4FEA /* OFBGFSbox128.rsp in Resources */ = {isa = PBXBuildFile; fileRef = 37AC87F11D237FB900FA4FEA /* OFBGFSbox128.rsp */; };
		37AC883A1D237FB900FA4FEA /* OFBGFSbox192.rsp in Resources */ = {isa = PBXBuildFile; fileRef = 37AC87F21D237FB900FA4FEA /* OFBGFSbox192.rsp */; };
		37AC883B1D237FB900FA4FEA /* OFBGFSbox256.rsp in Resources */ = {isa = PBXBuildFile; fileRef = 37AC87F31D237FB900FA4FEA /* OFBGFSbox256.rsp */; };
		37AC883C1D237FB900FA4FEA /* OFBKeySbox128.rsp in Resources */ = {isa = PBXBuildFile; fileRef = 37AC87F41D237FB900FA4FEA /* OFBKeySbox128.rsp */; };
		37AC883D1D237FB900FA4FEA /* OFBKeySbox192.rsp in Resources */ = {isa = PBXBuildFile; fileRef = 37AC87F51D237FB900FA4FEA /* OFBKeySbox192.rsp */; };
		37AC883E1D237FB900FA4FEA /* OFBKeySbox256.rsp in Resources */ = {isa = PBXBuildFile; fileRef = 37AC87F61D237FB900FA4FEA /* OFBKeySbox256.rsp */; };
		37AC883F1D237FB900FA4FEA /* OFBVarKey128.rsp in Resources */ = {isa = PBXBuildFile; fileRef = 37AC87F71D237FB900FA4FEA /* OFBVarKey128.rsp */; };
		37AC88401D237FB900FA4FEA /* OFBVarKey192.rsp in Resources */ = {isa = PBXBuildFile; fileRef = 37AC87F81D237FB900FA4FEA /* OFBVarKey192.rsp */; };
		37AC88411D237FB900FA4FEA /* OFBVarKey256.rsp in Resources */ = {isa = PBXBuildFile; fileRef = 37AC87F91D237FB900FA4FEA /* OFBVarKey256.rsp */; };
		37AC88421D237FB900FA4FEA /* OFBVarTxt128.rsp in Resources */ = {isa = PBXBuildFile; fileRef = 37AC87FA1D237FB900FA4FEA /* OFBVarTxt128.rsp */; };
		37AC88431D237FB900FA4FEA /* OFBVarTxt192.rsp in Resources */ = {isa = PBXBuildFile; fileRef = 37AC87FB1D237FB900FA4FEA /* OFBVarTxt192.rsp */; };
		37AC88441D237FB900FA4FEA /* OFBVarTxt256.rsp in Resources */ = {isa = PBXBuildFile; fileRef = 37AC87FC1D237FB900FA4FEA /* OFBVarTxt256.rsp */; };
		37AC88451D237FB900FA4FEA /* CBCGFSbox128.rsp in Resources */ = {isa = PBXBuildFile; fileRef = 37AC87FD1D237FB900FA4FEA /* CBCGFSbox128.rsp */; };
		37AC88461D237FB900FA4FEA /* CBCGFSbox192.rsp in Resources */ = {isa = PBXBuildFile; fileRef = 37AC87FE1D237FB900FA4FEA /* CBCGFSbox192.rsp */; };
		37AC88471D237FB900FA4FEA /* CBCGFSbox256.rsp in Resources */ = {isa = PBXBuildFile; fileRef = 37AC87FF1D237FB900FA4FEA /* CBCGFSbox256.rsp */; };
		37AC88481D237FB900FA4FEA /* CBCKeySbox128.rsp in Resources */ = {isa = PBXBuildFile; fileRef = 37AC88001D237FB900FA4FEA /* CBCKeySbox128.rsp */; };
		37AC88491D237FB900FA4FEA /* CBCKeySbox192.rsp in Resources */ = {isa = PBXBuildFile; fileRef = 37AC88011D237FB900FA4FEA /* CBCKeySbox192.rsp */; };
		37AC884A1D237FB900FA4FEA /* CBCKeySbox256.rsp in Resources */ = {isa = PBXBuildFile; fileRef = 37AC88021D237FB900FA4FEA /* CBCKeySbox256.rsp */; };
		37AC884B1D237FB900FA4FEA /* CBCVarKey128.rsp in Resources */ = {isa = PBXBuildFile; fileRef = 37AC88031D237FB900FA4FEA /* CBCVarKey128.rsp */; };
		37AC884C1D237FB900FA4FEA /* CBCVarKey192.rsp in Resources */ = {isa = PBXBuildFile; fileRef = 37AC88041D237FB900FA4FEA /* CBCVarKey192.rsp */; };
		37AC884D1D237FB900FA4FEA /* CBCVarKey256.rsp in Resources */ = {isa = PBXBuildFile; fileRef = 37AC88051D237FB900FA4FEA /* CBCVarKey256.rsp */; };
		37AC884E1D237FB900FA4FEA /* CBCVarTxt128.rsp in Resources */ = {isa = PBXBuildFile; fileRef = 37AC88061D237FB900FA4FEA /* CBCVarTxt128.rsp */; };
		37AC884F1D237FB900FA4FEA /* CBCVarTxt192.rsp in Resources */ = {isa = PBXBuildFile; fileRef = 37AC88071D237FB900FA4FEA /* CBCVarTxt192.rsp */; };
		37AC88501D237FB900FA4FEA /* CBCVarTxt256.rsp in Resources */ = {isa = PBXBuildFile; fileRef = 37AC88081D237FB900FA4FEA /* CBCVarTxt256.rsp */; };
		37AC88511D237FB900FA4FEA /* CFB128GFSbox128.rsp in Resources */ = {isa = PBXBuildFile; fileRef = 37AC88091D237FB900FA4FEA /* CFB128GFSbox128.rsp */; };
		37AC88521D237FB900FA4FEA /* CFB128GFSbox192.rsp in Resources */ = {isa = PBXBuildFile; fileRef = 37AC880A1D237FB900FA4FEA /* CFB128GFSbox192.rsp */; };
		37AC88531D237FB900FA4FEA /* CFB128GFSbox256.rsp in Resources */ = {isa = PBXBuildFile; fileRef = 37AC880B1D237FB900FA4FEA /* CFB128GFSbox256.rsp */; };
		37AC88541D237FB900FA4FEA /* CFB128KeySbox128.rsp in Resources */ = {isa = PBXBuildFile; fileRef = 37AC880C1D237FB900FA4FEA /* CFB128KeySbox128.rsp */; };
		37AC88551D237FB900FA4FEA /* CFB128KeySbox192.rsp in Resources */ = {isa = PBXBuildFile; fileRef = 37AC880D1D237FB900FA4FEA /* CFB128KeySbox192.rsp */; };
		37AC88561D237FB900FA4FEA /* CFB128KeySbox256.rsp in Resources */ = {isa = PBXBuildFile; fileRef = 37AC880E1D237FB900FA4FEA /* CFB128KeySbox256.rsp */; };
		37AC88581D2387CA00FA4FEA /* NISTEncryptionTests.swift in Sources */ = {isa = PBXBuildFile; fileRef = 37AC88571D2387CA00FA4FEA /* NISTEncryptionTests.swift */; };
		37B78ABC1D2086AF007DF94D /* UncommonCrypto.framework in Frameworks */ = {isa = PBXBuildFile; fileRef = 37B78ABA1D2085C5007DF94D /* UncommonCrypto.framework */; };
		607FACD61AFB9204008FA782 /* AppDelegate.swift in Sources */ = {isa = PBXBuildFile; fileRef = 607FACD51AFB9204008FA782 /* AppDelegate.swift */; };
		607FACD81AFB9204008FA782 /* ViewController.swift in Sources */ = {isa = PBXBuildFile; fileRef = 607FACD71AFB9204008FA782 /* ViewController.swift */; };
		607FACDB1AFB9204008FA782 /* Main.storyboard in Resources */ = {isa = PBXBuildFile; fileRef = 607FACD91AFB9204008FA782 /* Main.storyboard */; };
		607FACDD1AFB9204008FA782 /* Images.xcassets in Resources */ = {isa = PBXBuildFile; fileRef = 607FACDC1AFB9204008FA782 /* Images.xcassets */; };
		607FACE01AFB9204008FA782 /* LaunchScreen.xib in Resources */ = {isa = PBXBuildFile; fileRef = 607FACDE1AFB9204008FA782 /* LaunchScreen.xib */; };
		607FACEC1AFB9204008FA782 /* HashTests.swift in Sources */ = {isa = PBXBuildFile; fileRef = 607FACEB1AFB9204008FA782 /* HashTests.swift */; };
		7B5F4D840D85DA838305AB7D /* Pods_UncommonCrypto_Example.framework in Frameworks */ = {isa = PBXBuildFile; fileRef = 0E4AB915F859C7B1888C1505 /* Pods_UncommonCrypto_Example.framework */; };
		D459EEBA23AE0F9531537618 /* Pods_UncommonCrypto_Tests.framework in Frameworks */ = {isa = PBXBuildFile; fileRef = E3DB8F864FDBE24513CAE895 /* Pods_UncommonCrypto_Tests.framework */; };
/* End PBXBuildFile section */

/* Begin PBXContainerItemProxy section */
		607FACE61AFB9204008FA782 /* PBXContainerItemProxy */ = {
			isa = PBXContainerItemProxy;
			containerPortal = 607FACC81AFB9204008FA782 /* Project object */;
			proxyType = 1;
			remoteGlobalIDString = 607FACCF1AFB9204008FA782;
			remoteInfo = UncommonCrypto;
		};
/* End PBXContainerItemProxy section */

/* Begin PBXFileReference section */
		0E4AB915F859C7B1888C1505 /* Pods_UncommonCrypto_Example.framework */ = {isa = PBXFileReference; explicitFileType = wrapper.framework; includeInIndex = 0; path = Pods_UncommonCrypto_Example.framework; sourceTree = BUILT_PRODUCTS_DIR; };
		20924C308276F545A115ABEA /* Pods-UncommonCrypto_Tests.release.xcconfig */ = {isa = PBXFileReference; includeInIndex = 1; lastKnownFileType = text.xcconfig; name = "Pods-UncommonCrypto_Tests.release.xcconfig"; path = "Pods/Target Support Files/Pods-UncommonCrypto_Tests/Pods-UncommonCrypto_Tests.release.xcconfig"; sourceTree = "<group>"; };
		333087372017925D2916D34F /* README.md */ = {isa = PBXFileReference; includeInIndex = 1; lastKnownFileType = net.daringfireball.markdown; name = README.md; path = ../README.md; sourceTree = "<group>"; };
		372854941D21D3E800071B98 /* UncommonCrypto_Example-Bridging-Header.h */ = {isa = PBXFileReference; lastKnownFileType = sourcecode.c.h; path = "UncommonCrypto_Example-Bridging-Header.h"; sourceTree = "<group>"; };
		372854951D21D3E800071B98 /* NSData+CRC32.h */ = {isa = PBXFileReference; fileEncoding = 4; lastKnownFileType = sourcecode.c.h; path = "NSData+CRC32.h"; sourceTree = "<group>"; };
		372854961D21D3E800071B98 /* NSData+CRC32.m */ = {isa = PBXFileReference; fileEncoding = 4; lastKnownFileType = sourcecode.c.objc; path = "NSData+CRC32.m"; sourceTree = "<group>"; };
		372E96541D2156C4006D99A0 /* KeyDerivationTests.swift */ = {isa = PBXFileReference; fileEncoding = 4; lastKnownFileType = sourcecode.swift; path = KeyDerivationTests.swift; sourceTree = "<group>"; };
		373611991D1F44EF006409A4 /* UncommonCrypto.framework */ = {isa = PBXFileReference; lastKnownFileType = wrapper.framework; name = UncommonCrypto.framework; path = "../../../../Library/Developer/Xcode/DerivedData/UncommonCrypto-eowpgnrvclcoemhdrpohpmfhpdjc/Build/Products/Debug-iphonesimulator/UncommonCrypto/UncommonCrypto.framework"; sourceTree = "<group>"; };
		37A65EAC1D22BA3F0051F1FD /* EncryptionTests.swift */ = {isa = PBXFileReference; fileEncoding = 4; lastKnownFileType = sourcecode.swift; path = EncryptionTests.swift; sourceTree = "<group>"; };
		37AC87C71D237FB900FA4FEA /* CFB1GFSbox128.rsp */ = {isa = PBXFileReference; fileEncoding = 4; lastKnownFileType = text; path = CFB1GFSbox128.rsp; sourceTree = "<group>"; };
		37AC87C81D237FB900FA4FEA /* CFB1GFSbox192.rsp */ = {isa = PBXFileReference; fileEncoding = 4; lastKnownFileType = text; path = CFB1GFSbox192.rsp; sourceTree = "<group>"; };
		37AC87C91D237FB900FA4FEA /* CFB1GFSbox256.rsp */ = {isa = PBXFileReference; fileEncoding = 4; lastKnownFileType = text; path = CFB1GFSbox256.rsp; sourceTree = "<group>"; };
		37AC87CA1D237FB900FA4FEA /* CFB1KeySbox128.rsp */ = {isa = PBXFileReference; fileEncoding = 4; lastKnownFileType = text; path = CFB1KeySbox128.rsp; sourceTree = "<group>"; };
		37AC87CB1D237FB900FA4FEA /* CFB1KeySbox192.rsp */ = {isa = PBXFileReference; fileEncoding = 4; lastKnownFileType = text; path = CFB1KeySbox192.rsp; sourceTree = "<group>"; };
		37AC87CC1D237FB900FA4FEA /* CFB1KeySbox256.rsp */ = {isa = PBXFileReference; fileEncoding = 4; lastKnownFileType = text; path = CFB1KeySbox256.rsp; sourceTree = "<group>"; };
		37AC87CD1D237FB900FA4FEA /* CFB1VarKey128.rsp */ = {isa = PBXFileReference; fileEncoding = 4; lastKnownFileType = text; path = CFB1VarKey128.rsp; sourceTree = "<group>"; };
		37AC87CE1D237FB900FA4FEA /* CFB1VarKey192.rsp */ = {isa = PBXFileReference; fileEncoding = 4; lastKnownFileType = text; path = CFB1VarKey192.rsp; sourceTree = "<group>"; };
		37AC87CF1D237FB900FA4FEA /* CFB1VarKey256.rsp */ = {isa = PBXFileReference; fileEncoding = 4; lastKnownFileType = text; path = CFB1VarKey256.rsp; sourceTree = "<group>"; };
		37AC87D01D237FB900FA4FEA /* CFB1VarTxt128.rsp */ = {isa = PBXFileReference; fileEncoding = 4; lastKnownFileType = text; path = CFB1VarTxt128.rsp; sourceTree = "<group>"; };
		37AC87D11D237FB900FA4FEA /* CFB1VarTxt192.rsp */ = {isa = PBXFileReference; fileEncoding = 4; lastKnownFileType = text; path = CFB1VarTxt192.rsp; sourceTree = "<group>"; };
		37AC87D21D237FB900FA4FEA /* CFB1VarTxt256.rsp */ = {isa = PBXFileReference; fileEncoding = 4; lastKnownFileType = text; path = CFB1VarTxt256.rsp; sourceTree = "<group>"; };
		37AC87D31D237FB900FA4FEA /* CFB8GFSbox128.rsp */ = {isa = PBXFileReference; fileEncoding = 4; lastKnownFileType = text; path = CFB8GFSbox128.rsp; sourceTree = "<group>"; };
		37AC87D41D237FB900FA4FEA /* CFB8GFSbox192.rsp */ = {isa = PBXFileReference; fileEncoding = 4; lastKnownFileType = text; path = CFB8GFSbox192.rsp; sourceTree = "<group>"; };
		37AC87D51D237FB900FA4FEA /* CFB8GFSbox256.rsp */ = {isa = PBXFileReference; fileEncoding = 4; lastKnownFileType = text; path = CFB8GFSbox256.rsp; sourceTree = "<group>"; };
		37AC87D61D237FB900FA4FEA /* CFB8KeySbox128.rsp */ = {isa = PBXFileReference; fileEncoding = 4; lastKnownFileType = text; path = CFB8KeySbox128.rsp; sourceTree = "<group>"; };
		37AC87D71D237FB900FA4FEA /* CFB8KeySbox192.rsp */ = {isa = PBXFileReference; fileEncoding = 4; lastKnownFileType = text; path = CFB8KeySbox192.rsp; sourceTree = "<group>"; };
		37AC87D81D237FB900FA4FEA /* CFB8KeySbox256.rsp */ = {isa = PBXFileReference; fileEncoding = 4; lastKnownFileType = text; path = CFB8KeySbox256.rsp; sourceTree = "<group>"; };
		37AC87D91D237FB900FA4FEA /* CFB8VarKey128.rsp */ = {isa = PBXFileReference; fileEncoding = 4; lastKnownFileType = text; path = CFB8VarKey128.rsp; sourceTree = "<group>"; };
		37AC87DA1D237FB900FA4FEA /* CFB8VarKey192.rsp */ = {isa = PBXFileReference; fileEncoding = 4; lastKnownFileType = text; path = CFB8VarKey192.rsp; sourceTree = "<group>"; };
		37AC87DB1D237FB900FA4FEA /* CFB8VarKey256.rsp */ = {isa = PBXFileReference; fileEncoding = 4; lastKnownFileType = text; path = CFB8VarKey256.rsp; sourceTree = "<group>"; };
		37AC87DC1D237FB900FA4FEA /* CFB8VarTxt128.rsp */ = {isa = PBXFileReference; fileEncoding = 4; lastKnownFileType = text; path = CFB8VarTxt128.rsp; sourceTree = "<group>"; };
		37AC87DD1D237FB900FA4FEA /* CFB8VarTxt192.rsp */ = {isa = PBXFileReference; fileEncoding = 4; lastKnownFileType = text; path = CFB8VarTxt192.rsp; sourceTree = "<group>"; };
		37AC87DE1D237FB900FA4FEA /* CFB8VarTxt256.rsp */ = {isa = PBXFileReference; fileEncoding = 4; lastKnownFileType = text; path = CFB8VarTxt256.rsp; sourceTree = "<group>"; };
		37AC87DF1D237FB900FA4FEA /* CFB128VarKey128.rsp */ = {isa = PBXFileReference; fileEncoding = 4; lastKnownFileType = text; path = CFB128VarKey128.rsp; sourceTree = "<group>"; };
		37AC87E01D237FB900FA4FEA /* CFB128VarKey192.rsp */ = {isa = PBXFileReference; fileEncoding = 4; lastKnownFileType = text; path = CFB128VarKey192.rsp; sourceTree = "<group>"; };
		37AC87E11D237FB900FA4FEA /* CFB128VarKey256.rsp */ = {isa = PBXFileReference; fileEncoding = 4; lastKnownFileType = text; path = CFB128VarKey256.rsp; sourceTree = "<group>"; };
		37AC87E21D237FB900FA4FEA /* CFB128VarTxt128.rsp */ = {isa = PBXFileReference; fileEncoding = 4; lastKnownFileType = text; path = CFB128VarTxt128.rsp; sourceTree = "<group>"; };
		37AC87E31D237FB900FA4FEA /* CFB128VarTxt192.rsp */ = {isa = PBXFileReference; fileEncoding = 4; lastKnownFileType = text; path = CFB128VarTxt192.rsp; sourceTree = "<group>"; };
		37AC87E41D237FB900FA4FEA /* CFB128VarTxt256.rsp */ = {isa = PBXFileReference; fileEncoding = 4; lastKnownFileType = text; path = CFB128VarTxt256.rsp; sourceTree = "<group>"; };
		37AC87E51D237FB900FA4FEA /* ECBGFSbox128.rsp */ = {isa = PBXFileReference; fileEncoding = 4; lastKnownFileType = text; path = ECBGFSbox128.rsp; sourceTree = "<group>"; };
		37AC87E61D237FB900FA4FEA /* ECBGFSbox192.rsp */ = {isa = PBXFileReference; fileEncoding = 4; lastKnownFileType = text; path = ECBGFSbox192.rsp; sourceTree = "<group>"; };
		37AC87E71D237FB900FA4FEA /* ECBGFSbox256.rsp */ = {isa = PBXFileReference; fileEncoding = 4; lastKnownFileType = text; path = ECBGFSbox256.rsp; sourceTree = "<group>"; };
		37AC87E81D237FB900FA4FEA /* ECBKeySbox128.rsp */ = {isa = PBXFileReference; fileEncoding = 4; lastKnownFileType = text; path = ECBKeySbox128.rsp; sourceTree = "<group>"; };
		37AC87E91D237FB900FA4FEA /* ECBKeySbox192.rsp */ = {isa = PBXFileReference; fileEncoding = 4; lastKnownFileType = text; path = ECBKeySbox192.rsp; sourceTree = "<group>"; };
		37AC87EA1D237FB900FA4FEA /* ECBKeySbox256.rsp */ = {isa = PBXFileReference; fileEncoding = 4; lastKnownFileType = text; path = ECBKeySbox256.rsp; sourceTree = "<group>"; };
		37AC87EB1D237FB900FA4FEA /* ECBVarKey128.rsp */ = {isa = PBXFileReference; fileEncoding = 4; lastKnownFileType = text; path = ECBVarKey128.rsp; sourceTree = "<group>"; };
		37AC87EC1D237FB900FA4FEA /* ECBVarKey192.rsp */ = {isa = PBXFileReference; fileEncoding = 4; lastKnownFileType = text; path = ECBVarKey192.rsp; sourceTree = "<group>"; };
		37AC87ED1D237FB900FA4FEA /* ECBVarKey256.rsp */ = {isa = PBXFileReference; fileEncoding = 4; lastKnownFileType = text; path = ECBVarKey256.rsp; sourceTree = "<group>"; };
		37AC87EE1D237FB900FA4FEA /* ECBVarTxt128.rsp */ = {isa = PBXFileReference; fileEncoding = 4; lastKnownFileType = text; path = ECBVarTxt128.rsp; sourceTree = "<group>"; };
		37AC87EF1D237FB900FA4FEA /* ECBVarTxt192.rsp */ = {isa = PBXFileReference; fileEncoding = 4; lastKnownFileType = text; path = ECBVarTxt192.rsp; sourceTree = "<group>"; };
		37AC87F01D237FB900FA4FEA /* ECBVarTxt256.rsp */ = {isa = PBXFileReference; fileEncoding = 4; lastKnownFileType = text; path = ECBVarTxt256.rsp; sourceTree = "<group>"; };
		37AC87F11D237FB900FA4FEA /* OFBGFSbox128.rsp */ = {isa = PBXFileReference; fileEncoding = 4; lastKnownFileType = text; path = OFBGFSbox128.rsp; sourceTree = "<group>"; };
		37AC87F21D237FB900FA4FEA /* OFBGFSbox192.rsp */ = {isa = PBXFileReference; fileEncoding = 4; lastKnownFileType = text; path = OFBGFSbox192.rsp; sourceTree = "<group>"; };
		37AC87F31D237FB900FA4FEA /* OFBGFSbox256.rsp */ = {isa = PBXFileReference; fileEncoding = 4; lastKnownFileType = text; path = OFBGFSbox256.rsp; sourceTree = "<group>"; };
		37AC87F41D237FB900FA4FEA /* OFBKeySbox128.rsp */ = {isa = PBXFileReference; fileEncoding = 4; lastKnownFileType = text; path = OFBKeySbox128.rsp; sourceTree = "<group>"; };
		37AC87F51D237FB900FA4FEA /* OFBKeySbox192.rsp */ = {isa = PBXFileReference; fileEncoding = 4; lastKnownFileType = text; path = OFBKeySbox192.rsp; sourceTree = "<group>"; };
		37AC87F61D237FB900FA4FEA /* OFBKeySbox256.rsp */ = {isa = PBXFileReference; fileEncoding = 4; lastKnownFileType = text; path = OFBKeySbox256.rsp; sourceTree = "<group>"; };
		37AC87F71D237FB900FA4FEA /* OFBVarKey128.rsp */ = {isa = PBXFileReference; fileEncoding = 4; lastKnownFileType = text; path = OFBVarKey128.rsp; sourceTree = "<group>"; };
		37AC87F81D237FB900FA4FEA /* OFBVarKey192.rsp */ = {isa = PBXFileReference; fileEncoding = 4; lastKnownFileType = text; path = OFBVarKey192.rsp; sourceTree = "<group>"; };
		37AC87F91D237FB900FA4FEA /* OFBVarKey256.rsp */ = {isa = PBXFileReference; fileEncoding = 4; lastKnownFileType = text; path = OFBVarKey256.rsp; sourceTree = "<group>"; };
		37AC87FA1D237FB900FA4FEA /* OFBVarTxt128.rsp */ = {isa = PBXFileReference; fileEncoding = 4; lastKnownFileType = text; path = OFBVarTxt128.rsp; sourceTree = "<group>"; };
		37AC87FB1D237FB900FA4FEA /* OFBVarTxt192.rsp */ = {isa = PBXFileReference; fileEncoding = 4; lastKnownFileType = text; path = OFBVarTxt192.rsp; sourceTree = "<group>"; };
		37AC87FC1D237FB900FA4FEA /* OFBVarTxt256.rsp */ = {isa = PBXFileReference; fileEncoding = 4; lastKnownFileType = text; path = OFBVarTxt256.rsp; sourceTree = "<group>"; };
		37AC87FD1D237FB900FA4FEA /* CBCGFSbox128.rsp */ = {isa = PBXFileReference; fileEncoding = 4; lastKnownFileType = text; path = CBCGFSbox128.rsp; sourceTree = "<group>"; };
		37AC87FE1D237FB900FA4FEA /* CBCGFSbox192.rsp */ = {isa = PBXFileReference; fileEncoding = 4; lastKnownFileType = text; path = CBCGFSbox192.rsp; sourceTree = "<group>"; };
		37AC87FF1D237FB900FA4FEA /* CBCGFSbox256.rsp */ = {isa = PBXFileReference; fileEncoding = 4; lastKnownFileType = text; path = CBCGFSbox256.rsp; sourceTree = "<group>"; };
		37AC88001D237FB900FA4FEA /* CBCKeySbox128.rsp */ = {isa = PBXFileReference; fileEncoding = 4; lastKnownFileType = text; path = CBCKeySbox128.rsp; sourceTree = "<group>"; };
		37AC88011D237FB900FA4FEA /* CBCKeySbox192.rsp */ = {isa = PBXFileReference; fileEncoding = 4; lastKnownFileType = text; path = CBCKeySbox192.rsp; sourceTree = "<group>"; };
		37AC88021D237FB900FA4FEA /* CBCKeySbox256.rsp */ = {isa = PBXFileReference; fileEncoding = 4; lastKnownFileType = text; path = CBCKeySbox256.rsp; sourceTree = "<group>"; };
		37AC88031D237FB900FA4FEA /* CBCVarKey128.rsp */ = {isa = PBXFileReference; fileEncoding = 4; lastKnownFileType = text; path = CBCVarKey128.rsp; sourceTree = "<group>"; };
		37AC88041D237FB900FA4FEA /* CBCVarKey192.rsp */ = {isa = PBXFileReference; fileEncoding = 4; lastKnownFileType = text; path = CBCVarKey192.rsp; sourceTree = "<group>"; };
		37AC88051D237FB900FA4FEA /* CBCVarKey256.rsp */ = {isa = PBXFileReference; fileEncoding = 4; lastKnownFileType = text; path = CBCVarKey256.rsp; sourceTree = "<group>"; };
		37AC88061D237FB900FA4FEA /* CBCVarTxt128.rsp */ = {isa = PBXFileReference; fileEncoding = 4; lastKnownFileType = text; path = CBCVarTxt128.rsp; sourceTree = "<group>"; };
		37AC88071D237FB900FA4FEA /* CBCVarTxt192.rsp */ = {isa = PBXFileReference; fileEncoding = 4; lastKnownFileType = text; path = CBCVarTxt192.rsp; sourceTree = "<group>"; };
		37AC88081D237FB900FA4FEA /* CBCVarTxt256.rsp */ = {isa = PBXFileReference; fileEncoding = 4; lastKnownFileType = text; path = CBCVarTxt256.rsp; sourceTree = "<group>"; };
		37AC88091D237FB900FA4FEA /* CFB128GFSbox128.rsp */ = {isa = PBXFileReference; fileEncoding = 4; lastKnownFileType = text; path = CFB128GFSbox128.rsp; sourceTree = "<group>"; };
		37AC880A1D237FB900FA4FEA /* CFB128GFSbox192.rsp */ = {isa = PBXFileReference; fileEncoding = 4; lastKnownFileType = text; path = CFB128GFSbox192.rsp; sourceTree = "<group>"; };
		37AC880B1D237FB900FA4FEA /* CFB128GFSbox256.rsp */ = {isa = PBXFileReference; fileEncoding = 4; lastKnownFileType = text; path = CFB128GFSbox256.rsp; sourceTree = "<group>"; };
		37AC880C1D237FB900FA4FEA /* CFB128KeySbox128.rsp */ = {isa = PBXFileReference; fileEncoding = 4; lastKnownFileType = text; path = CFB128KeySbox128.rsp; sourceTree = "<group>"; };
		37AC880D1D237FB900FA4FEA /* CFB128KeySbox192.rsp */ = {isa = PBXFileReference; fileEncoding = 4; lastKnownFileType = text; path = CFB128KeySbox192.rsp; sourceTree = "<group>"; };
		37AC880E1D237FB900FA4FEA /* CFB128KeySbox256.rsp */ = {isa = PBXFileReference; fileEncoding = 4; lastKnownFileType = text; path = CFB128KeySbox256.rsp; sourceTree = "<group>"; };
		37AC88571D2387CA00FA4FEA /* NISTEncryptionTests.swift */ = {isa = PBXFileReference; fileEncoding = 4; lastKnownFileType = sourcecode.swift; path = NISTEncryptionTests.swift; sourceTree = "<group>"; };
		37B78ABA1D2085C5007DF94D /* UncommonCrypto.framework */ = {isa = PBXFileReference; lastKnownFileType = wrapper.framework; name = UncommonCrypto.framework; path = "../../../../Library/Developer/Xcode/DerivedData/UncommonCrypto-bqefayrwsdcfncfcrnpjtizdjgry/Build/Products/Debug-iphonesimulator/UncommonCrypto/UncommonCrypto.framework"; sourceTree = "<group>"; };
		5801473D8E78F0D071924936 /* UncommonCrypto.podspec */ = {isa = PBXFileReference; includeInIndex = 1; lastKnownFileType = text; name = UncommonCrypto.podspec; path = ../UncommonCrypto.podspec; sourceTree = "<group>"; };
		5E70624F58ACCC7267962E0C /* Pods-UncommonCrypto_Example.release.xcconfig */ = {isa = PBXFileReference; includeInIndex = 1; lastKnownFileType = text.xcconfig; name = "Pods-UncommonCrypto_Example.release.xcconfig"; path = "Pods/Target Support Files/Pods-UncommonCrypto_Example/Pods-UncommonCrypto_Example.release.xcconfig"; sourceTree = "<group>"; };
		607B46EE9C5728F5C1B3E863 /* Pods-UncommonCrypto_Tests.debug.xcconfig */ = {isa = PBXFileReference; includeInIndex = 1; lastKnownFileType = text.xcconfig; name = "Pods-UncommonCrypto_Tests.debug.xcconfig"; path = "Pods/Target Support Files/Pods-UncommonCrypto_Tests/Pods-UncommonCrypto_Tests.debug.xcconfig"; sourceTree = "<group>"; };
		607FACD01AFB9204008FA782 /* UncommonCrypto_Example.app */ = {isa = PBXFileReference; explicitFileType = wrapper.application; includeInIndex = 0; path = UncommonCrypto_Example.app; sourceTree = BUILT_PRODUCTS_DIR; };
		607FACD41AFB9204008FA782 /* Info.plist */ = {isa = PBXFileReference; lastKnownFileType = text.plist.xml; path = Info.plist; sourceTree = "<group>"; };
		607FACD51AFB9204008FA782 /* AppDelegate.swift */ = {isa = PBXFileReference; lastKnownFileType = sourcecode.swift; path = AppDelegate.swift; sourceTree = "<group>"; };
		607FACD71AFB9204008FA782 /* ViewController.swift */ = {isa = PBXFileReference; lastKnownFileType = sourcecode.swift; path = ViewController.swift; sourceTree = "<group>"; };
		607FACDA1AFB9204008FA782 /* Base */ = {isa = PBXFileReference; lastKnownFileType = file.storyboard; name = Base; path = Base.lproj/Main.storyboard; sourceTree = "<group>"; };
		607FACDC1AFB9204008FA782 /* Images.xcassets */ = {isa = PBXFileReference; lastKnownFileType = folder.assetcatalog; path = Images.xcassets; sourceTree = "<group>"; };
		607FACDF1AFB9204008FA782 /* Base */ = {isa = PBXFileReference; lastKnownFileType = file.xib; name = Base; path = Base.lproj/LaunchScreen.xib; sourceTree = "<group>"; };
		607FACE51AFB9204008FA782 /* UncommonCrypto_Tests.xctest */ = {isa = PBXFileReference; explicitFileType = wrapper.cfbundle; includeInIndex = 0; path = UncommonCrypto_Tests.xctest; sourceTree = BUILT_PRODUCTS_DIR; };
		607FACEA1AFB9204008FA782 /* Info.plist */ = {isa = PBXFileReference; lastKnownFileType = text.plist.xml; path = Info.plist; sourceTree = "<group>"; };
		607FACEB1AFB9204008FA782 /* HashTests.swift */ = {isa = PBXFileReference; lastKnownFileType = sourcecode.swift; path = HashTests.swift; sourceTree = "<group>"; };
		C417AE162C2A4AB5FAC5AFC8 /* LICENSE */ = {isa = PBXFileReference; includeInIndex = 1; lastKnownFileType = text; name = LICENSE; path = ../LICENSE; sourceTree = "<group>"; };
		E3DB8F864FDBE24513CAE895 /* Pods_UncommonCrypto_Tests.framework */ = {isa = PBXFileReference; explicitFileType = wrapper.framework; includeInIndex = 0; path = Pods_UncommonCrypto_Tests.framework; sourceTree = BUILT_PRODUCTS_DIR; };
		F2FADFEFB904D36AE960991F /* Pods-UncommonCrypto_Example.debug.xcconfig */ = {isa = PBXFileReference; includeInIndex = 1; lastKnownFileType = text.xcconfig; name = "Pods-UncommonCrypto_Example.debug.xcconfig"; path = "Pods/Target Support Files/Pods-UncommonCrypto_Example/Pods-UncommonCrypto_Example.debug.xcconfig"; sourceTree = "<group>"; };
/* End PBXFileReference section */

/* Begin PBXFrameworksBuildPhase section */
		607FACCD1AFB9204008FA782 /* Frameworks */ = {
			isa = PBXFrameworksBuildPhase;
			buildActionMask = 2147483647;
			files = (
				7B5F4D840D85DA838305AB7D /* Pods_UncommonCrypto_Example.framework in Frameworks */,
			);
			runOnlyForDeploymentPostprocessing = 0;
		};
		607FACE21AFB9204008FA782 /* Frameworks */ = {
			isa = PBXFrameworksBuildPhase;
			buildActionMask = 2147483647;
			files = (
				37B78ABC1D2086AF007DF94D /* UncommonCrypto.framework in Frameworks */,
				D459EEBA23AE0F9531537618 /* Pods_UncommonCrypto_Tests.framework in Frameworks */,
			);
			runOnlyForDeploymentPostprocessing = 0;
		};
/* End PBXFrameworksBuildPhase section */

/* Begin PBXGroup section */
		37AC86A51D23768A00FA4FEA /* NIST Test Vectors */ = {
			isa = PBXGroup;
			children = (
				37AC86A61D2376C600FA4FEA /* AES KAT Vectors */,
			);
			name = "NIST Test Vectors";
			path = "../Test Vectors";
			sourceTree = "<group>";
		};
		37AC86A61D2376C600FA4FEA /* AES KAT Vectors */ = {
			isa = PBXGroup;
			children = (
				37AC87C71D237FB900FA4FEA /* CFB1GFSbox128.rsp */,
				37AC87C81D237FB900FA4FEA /* CFB1GFSbox192.rsp */,
				37AC87C91D237FB900FA4FEA /* CFB1GFSbox256.rsp */,
				37AC87CA1D237FB900FA4FEA /* CFB1KeySbox128.rsp */,
				37AC87CB1D237FB900FA4FEA /* CFB1KeySbox192.rsp */,
				37AC87CC1D237FB900FA4FEA /* CFB1KeySbox256.rsp */,
				37AC87CD1D237FB900FA4FEA /* CFB1VarKey128.rsp */,
				37AC87CE1D237FB900FA4FEA /* CFB1VarKey192.rsp */,
				37AC87CF1D237FB900FA4FEA /* CFB1VarKey256.rsp */,
				37AC87D01D237FB900FA4FEA /* CFB1VarTxt128.rsp */,
				37AC87D11D237FB900FA4FEA /* CFB1VarTxt192.rsp */,
				37AC87D21D237FB900FA4FEA /* CFB1VarTxt256.rsp */,
				37AC87D31D237FB900FA4FEA /* CFB8GFSbox128.rsp */,
				37AC87D41D237FB900FA4FEA /* CFB8GFSbox192.rsp */,
				37AC87D51D237FB900FA4FEA /* CFB8GFSbox256.rsp */,
				37AC87D61D237FB900FA4FEA /* CFB8KeySbox128.rsp */,
				37AC87D71D237FB900FA4FEA /* CFB8KeySbox192.rsp */,
				37AC87D81D237FB900FA4FEA /* CFB8KeySbox256.rsp */,
				37AC87D91D237FB900FA4FEA /* CFB8VarKey128.rsp */,
				37AC87DA1D237FB900FA4FEA /* CFB8VarKey192.rsp */,
				37AC87DB1D237FB900FA4FEA /* CFB8VarKey256.rsp */,
				37AC87DC1D237FB900FA4FEA /* CFB8VarTxt128.rsp */,
				37AC87DD1D237FB900FA4FEA /* CFB8VarTxt192.rsp */,
				37AC87DE1D237FB900FA4FEA /* CFB8VarTxt256.rsp */,
				37AC87DF1D237FB900FA4FEA /* CFB128VarKey128.rsp */,
				37AC87E01D237FB900FA4FEA /* CFB128VarKey192.rsp */,
				37AC87E11D237FB900FA4FEA /* CFB128VarKey256.rsp */,
				37AC87E21D237FB900FA4FEA /* CFB128VarTxt128.rsp */,
				37AC87E31D237FB900FA4FEA /* CFB128VarTxt192.rsp */,
				37AC87E41D237FB900FA4FEA /* CFB128VarTxt256.rsp */,
				37AC87E51D237FB900FA4FEA /* ECBGFSbox128.rsp */,
				37AC87E61D237FB900FA4FEA /* ECBGFSbox192.rsp */,
				37AC87E71D237FB900FA4FEA /* ECBGFSbox256.rsp */,
				37AC87E81D237FB900FA4FEA /* ECBKeySbox128.rsp */,
				37AC87E91D237FB900FA4FEA /* ECBKeySbox192.rsp */,
				37AC87EA1D237FB900FA4FEA /* ECBKeySbox256.rsp */,
				37AC87EB1D237FB900FA4FEA /* ECBVarKey128.rsp */,
				37AC87EC1D237FB900FA4FEA /* ECBVarKey192.rsp */,
				37AC87ED1D237FB900FA4FEA /* ECBVarKey256.rsp */,
				37AC87EE1D237FB900FA4FEA /* ECBVarTxt128.rsp */,
				37AC87EF1D237FB900FA4FEA /* ECBVarTxt192.rsp */,
				37AC87F01D237FB900FA4FEA /* ECBVarTxt256.rsp */,
				37AC87F11D237FB900FA4FEA /* OFBGFSbox128.rsp */,
				37AC87F21D237FB900FA4FEA /* OFBGFSbox192.rsp */,
				37AC87F31D237FB900FA4FEA /* OFBGFSbox256.rsp */,
				37AC87F41D237FB900FA4FEA /* OFBKeySbox128.rsp */,
				37AC87F51D237FB900FA4FEA /* OFBKeySbox192.rsp */,
				37AC87F61D237FB900FA4FEA /* OFBKeySbox256.rsp */,
				37AC87F71D237FB900FA4FEA /* OFBVarKey128.rsp */,
				37AC87F81D237FB900FA4FEA /* OFBVarKey192.rsp */,
				37AC87F91D237FB900FA4FEA /* OFBVarKey256.rsp */,
				37AC87FA1D237FB900FA4FEA /* OFBVarTxt128.rsp */,
				37AC87FB1D237FB900FA4FEA /* OFBVarTxt192.rsp */,
				37AC87FC1D237FB900FA4FEA /* OFBVarTxt256.rsp */,
				37AC87FD1D237FB900FA4FEA /* CBCGFSbox128.rsp */,
				37AC87FE1D237FB900FA4FEA /* CBCGFSbox192.rsp */,
				37AC87FF1D237FB900FA4FEA /* CBCGFSbox256.rsp */,
				37AC88001D237FB900FA4FEA /* CBCKeySbox128.rsp */,
				37AC88011D237FB900FA4FEA /* CBCKeySbox192.rsp */,
				37AC88021D237FB900FA4FEA /* CBCKeySbox256.rsp */,
				37AC88031D237FB900FA4FEA /* CBCVarKey128.rsp */,
				37AC88041D237FB900FA4FEA /* CBCVarKey192.rsp */,
				37AC88051D237FB900FA4FEA /* CBCVarKey256.rsp */,
				37AC88061D237FB900FA4FEA /* CBCVarTxt128.rsp */,
				37AC88071D237FB900FA4FEA /* CBCVarTxt192.rsp */,
				37AC88081D237FB900FA4FEA /* CBCVarTxt256.rsp */,
				37AC88091D237FB900FA4FEA /* CFB128GFSbox128.rsp */,
				37AC880A1D237FB900FA4FEA /* CFB128GFSbox192.rsp */,
				37AC880B1D237FB900FA4FEA /* CFB128GFSbox256.rsp */,
				37AC880C1D237FB900FA4FEA /* CFB128KeySbox128.rsp */,
				37AC880D1D237FB900FA4FEA /* CFB128KeySbox192.rsp */,
				37AC880E1D237FB900FA4FEA /* CFB128KeySbox256.rsp */,
			);
			name = "AES KAT Vectors";
			path = KAT_AES;
			sourceTree = "<group>";
		};
		48A3BACD64CEED9709907A81 /* Frameworks */ = {
			isa = PBXGroup;
			children = (
				37B78ABA1D2085C5007DF94D /* UncommonCrypto.framework */,
				373611991D1F44EF006409A4 /* UncommonCrypto.framework */,
				0E4AB915F859C7B1888C1505 /* Pods_UncommonCrypto_Example.framework */,
				E3DB8F864FDBE24513CAE895 /* Pods_UncommonCrypto_Tests.framework */,
			);
			name = Frameworks;
			sourceTree = "<group>";
		};
		607FACC71AFB9204008FA782 = {
			isa = PBXGroup;
			children = (
				607FACF51AFB993E008FA782 /* Podspec Metadata */,
				607FACD21AFB9204008FA782 /* Example for UncommonCrypto */,
				607FACE81AFB9204008FA782 /* Tests */,
				607FACD11AFB9204008FA782 /* Products */,
				48A3BACD64CEED9709907A81 /* Frameworks */,
				9D035512F3BB736E6C83C9B9 /* Pods */,
			);
			sourceTree = "<group>";
		};
		607FACD11AFB9204008FA782 /* Products */ = {
			isa = PBXGroup;
			children = (
				607FACD01AFB9204008FA782 /* UncommonCrypto_Example.app */,
				607FACE51AFB9204008FA782 /* UncommonCrypto_Tests.xctest */,
			);
			name = Products;
			sourceTree = "<group>";
		};
		607FACD21AFB9204008FA782 /* Example for UncommonCrypto */ = {
			isa = PBXGroup;
			children = (
				607FACD51AFB9204008FA782 /* AppDelegate.swift */,
				372854951D21D3E800071B98 /* NSData+CRC32.h */,
				372854961D21D3E800071B98 /* NSData+CRC32.m */,
				607FACD71AFB9204008FA782 /* ViewController.swift */,
				607FACD91AFB9204008FA782 /* Main.storyboard */,
				607FACDC1AFB9204008FA782 /* Images.xcassets */,
				607FACDE1AFB9204008FA782 /* LaunchScreen.xib */,
				607FACD31AFB9204008FA782 /* Supporting Files */,
				372854941D21D3E800071B98 /* UncommonCrypto_Example-Bridging-Header.h */,
			);
			name = "Example for UncommonCrypto";
			path = UncommonCrypto;
			sourceTree = "<group>";
		};
		607FACD31AFB9204008FA782 /* Supporting Files */ = {
			isa = PBXGroup;
			children = (
				607FACD41AFB9204008FA782 /* Info.plist */,
			);
			name = "Supporting Files";
			sourceTree = "<group>";
		};
		607FACE81AFB9204008FA782 /* Tests */ = {
			isa = PBXGroup;
			children = (
				607FACEB1AFB9204008FA782 /* HashTests.swift */,
				37A65EAC1D22BA3F0051F1FD /* EncryptionTests.swift */,
				37AC88571D2387CA00FA4FEA /* NISTEncryptionTests.swift */,
				372E96541D2156C4006D99A0 /* KeyDerivationTests.swift */,
				37AC86A51D23768A00FA4FEA /* NIST Test Vectors */,
				607FACE91AFB9204008FA782 /* Supporting Files */,
			);
			path = Tests;
			sourceTree = "<group>";
		};
		607FACE91AFB9204008FA782 /* Supporting Files */ = {
			isa = PBXGroup;
			children = (
				607FACEA1AFB9204008FA782 /* Info.plist */,
			);
			name = "Supporting Files";
			sourceTree = "<group>";
		};
		607FACF51AFB993E008FA782 /* Podspec Metadata */ = {
			isa = PBXGroup;
			children = (
				5801473D8E78F0D071924936 /* UncommonCrypto.podspec */,
				333087372017925D2916D34F /* README.md */,
				C417AE162C2A4AB5FAC5AFC8 /* LICENSE */,
			);
			name = "Podspec Metadata";
			sourceTree = "<group>";
		};
		9D035512F3BB736E6C83C9B9 /* Pods */ = {
			isa = PBXGroup;
			children = (
				F2FADFEFB904D36AE960991F /* Pods-UncommonCrypto_Example.debug.xcconfig */,
				5E70624F58ACCC7267962E0C /* Pods-UncommonCrypto_Example.release.xcconfig */,
				607B46EE9C5728F5C1B3E863 /* Pods-UncommonCrypto_Tests.debug.xcconfig */,
				20924C308276F545A115ABEA /* Pods-UncommonCrypto_Tests.release.xcconfig */,
			);
			name = Pods;
			sourceTree = "<group>";
		};
/* End PBXGroup section */

/* Begin PBXNativeTarget section */
		607FACCF1AFB9204008FA782 /* UncommonCrypto_Example */ = {
			isa = PBXNativeTarget;
			buildConfigurationList = 607FACEF1AFB9204008FA782 /* Build configuration list for PBXNativeTarget "UncommonCrypto_Example" */;
			buildPhases = (
				DD249F23F8937F578D15D17E /* [CP] Check Pods Manifest.lock */,
				607FACCC1AFB9204008FA782 /* Sources */,
				607FACCD1AFB9204008FA782 /* Frameworks */,
				607FACCE1AFB9204008FA782 /* Resources */,
				823AB634DD363A88C03FCB33 /* [CP] Embed Pods Frameworks */,
				33F5255BEFBC5036A6297CF4 /* [CP] Copy Pods Resources */,
			);
			buildRules = (
			);
			dependencies = (
			);
			name = UncommonCrypto_Example;
			productName = UncommonCrypto;
			productReference = 607FACD01AFB9204008FA782 /* UncommonCrypto_Example.app */;
			productType = "com.apple.product-type.application";
		};
		607FACE41AFB9204008FA782 /* UncommonCrypto_Tests */ = {
			isa = PBXNativeTarget;
			buildConfigurationList = 607FACF21AFB9204008FA782 /* Build configuration list for PBXNativeTarget "UncommonCrypto_Tests" */;
			buildPhases = (
				A3A5ED36481423E284D4F8E0 /* [CP] Check Pods Manifest.lock */,
				607FACE11AFB9204008FA782 /* Sources */,
				607FACE21AFB9204008FA782 /* Frameworks */,
				607FACE31AFB9204008FA782 /* Resources */,
				678C472A43F2EBDD80995730 /* [CP] Embed Pods Frameworks */,
				6CD7AD2667E7E917EFA22BAF /* [CP] Copy Pods Resources */,
			);
			buildRules = (
			);
			dependencies = (
				607FACE71AFB9204008FA782 /* PBXTargetDependency */,
			);
			name = UncommonCrypto_Tests;
			productName = Tests;
			productReference = 607FACE51AFB9204008FA782 /* UncommonCrypto_Tests.xctest */;
			productType = "com.apple.product-type.bundle.unit-test";
		};
/* End PBXNativeTarget section */

/* Begin PBXProject section */
		607FACC81AFB9204008FA782 /* Project object */ = {
			isa = PBXProject;
			attributes = {
				LastSwiftUpdateCheck = 0730;
				LastUpgradeCheck = 0720;
				ORGANIZATIONNAME = CocoaPods;
				TargetAttributes = {
					607FACCF1AFB9204008FA782 = {
						CreatedOnToolsVersion = 6.3.1;
					};
					607FACE41AFB9204008FA782 = {
						CreatedOnToolsVersion = 6.3.1;
					};
				};
			};
			buildConfigurationList = 607FACCB1AFB9204008FA782 /* Build configuration list for PBXProject "UncommonCrypto" */;
			compatibilityVersion = "Xcode 6.3";
			developmentRegion = English;
			hasScannedForEncodings = 0;
			knownRegions = (
				en,
				Base,
			);
			mainGroup = 607FACC71AFB9204008FA782;
			productRefGroup = 607FACD11AFB9204008FA782 /* Products */;
			projectDirPath = "";
			projectRoot = "";
			targets = (
				607FACCF1AFB9204008FA782 /* UncommonCrypto_Example */,
				607FACE41AFB9204008FA782 /* UncommonCrypto_Tests */,
			);
		};
/* End PBXProject section */

/* Begin PBXResourcesBuildPhase section */
		607FACCE1AFB9204008FA782 /* Resources */ = {
			isa = PBXResourcesBuildPhase;
			buildActionMask = 2147483647;
			files = (
				607FACDB1AFB9204008FA782 /* Main.storyboard in Resources */,
				607FACE01AFB9204008FA782 /* LaunchScreen.xib in Resources */,
				607FACDD1AFB9204008FA782 /* Images.xcassets in Resources */,
			);
			runOnlyForDeploymentPostprocessing = 0;
		};
		607FACE31AFB9204008FA782 /* Resources */ = {
			isa = PBXResourcesBuildPhase;
			buildActionMask = 2147483647;
			files = (
				37AC881F1D237FB900FA4FEA /* CFB8KeySbox192.rsp in Resources */,
				37AC88341D237FB900FA4FEA /* ECBVarKey192.rsp in Resources */,
				37AC88441D237FB900FA4FEA /* OFBVarTxt256.rsp in Resources */,
				37AC884F1D237FB900FA4FEA /* CBCVarTxt192.rsp in Resources */,
				37AC883F1D237FB900FA4FEA /* OFBVarKey128.rsp in Resources */,
				37AC88311D237FB900FA4FEA /* ECBKeySbox192.rsp in Resources */,
				37AC88151D237FB900FA4FEA /* CFB1VarKey128.rsp in Resources */,
				37AC882E1D237FB900FA4FEA /* ECBGFSbox192.rsp in Resources */,
				37AC884B1D237FB900FA4FEA /* CBCVarKey128.rsp in Resources */,
				37AC88321D237FB900FA4FEA /* ECBKeySbox256.rsp in Resources */,
				37AC884C1D237FB900FA4FEA /* CBCVarKey192.rsp in Resources */,
				37AC88371D237FB900FA4FEA /* ECBVarTxt192.rsp in Resources */,
				37AC88111D237FB900FA4FEA /* CFB1GFSbox256.rsp in Resources */,
				37AC88171D237FB900FA4FEA /* CFB1VarKey256.rsp in Resources */,
				37AC88141D237FB900FA4FEA /* CFB1KeySbox256.rsp in Resources */,
				37AC88561D237FB900FA4FEA /* CFB128KeySbox256.rsp in Resources */,
				37AC88361D237FB900FA4FEA /* ECBVarTxt128.rsp in Resources */,
				37AC88221D237FB900FA4FEA /* CFB8VarKey192.rsp in Resources */,
				37AC881C1D237FB900FA4FEA /* CFB8GFSbox192.rsp in Resources */,
				37AC881D1D237FB900FA4FEA /* CFB8GFSbox256.rsp in Resources */,
				37AC88541D237FB900FA4FEA /* CFB128KeySbox128.rsp in Resources */,
				37AC88461D237FB900FA4FEA /* CBCGFSbox192.rsp in Resources */,
				37AC88411D237FB900FA4FEA /* OFBVarKey256.rsp in Resources */,
				37AC88281D237FB900FA4FEA /* CFB128VarKey192.rsp in Resources */,
				37AC882F1D237FB900FA4FEA /* ECBGFSbox256.rsp in Resources */,
				37AC881B1D237FB900FA4FEA /* CFB8GFSbox128.rsp in Resources */,
				37AC88201D237FB900FA4FEA /* CFB8KeySbox256.rsp in Resources */,
				37AC88481D237FB900FA4FEA /* CBCKeySbox128.rsp in Resources */,
				37AC88511D237FB900FA4FEA /* CFB128GFSbox128.rsp in Resources */,
				37AC88211D237FB900FA4FEA /* CFB8VarKey128.rsp in Resources */,
				37AC88381D237FB900FA4FEA /* ECBVarTxt256.rsp in Resources */,
				37AC88181D237FB900FA4FEA /* CFB1VarTxt128.rsp in Resources */,
				37AC88471D237FB900FA4FEA /* CBCGFSbox256.rsp in Resources */,
				37AC881E1D237FB900FA4FEA /* CFB8KeySbox128.rsp in Resources */,
				37AC882B1D237FB900FA4FEA /* CFB128VarTxt192.rsp in Resources */,
				37AC88551D237FB900FA4FEA /* CFB128KeySbox192.rsp in Resources */,
				37AC884E1D237FB900FA4FEA /* CBCVarTxt128.rsp in Resources */,
				37AC88531D237FB900FA4FEA /* CFB128GFSbox256.rsp in Resources */,
				37AC88491D237FB900FA4FEA /* CBCKeySbox192.rsp in Resources */,
				37AC884A1D237FB900FA4FEA /* CBCKeySbox256.rsp in Resources */,
				37AC88241D237FB900FA4FEA /* CFB8VarTxt128.rsp in Resources */,
				37AC88521D237FB900FA4FEA /* CFB128GFSbox192.rsp in Resources */,
				37AC88231D237FB900FA4FEA /* CFB8VarKey256.rsp in Resources */,
				37AC88121D237FB900FA4FEA /* CFB1KeySbox128.rsp in Resources */,
				37AC880F1D237FB900FA4FEA /* CFB1GFSbox128.rsp in Resources */,
				37AC88271D237FB900FA4FEA /* CFB128VarKey128.rsp in Resources */,
				37AC88301D237FB900FA4FEA /* ECBKeySbox128.rsp in Resources */,
				37AC883E1D237FB900FA4FEA /* OFBKeySbox256.rsp in Resources */,
				37AC88101D237FB900FA4FEA /* CFB1GFSbox192.rsp in Resources */,
				37AC88291D237FB900FA4FEA /* CFB128VarKey256.rsp in Resources */,
				37AC883D1D237FB900FA4FEA /* OFBKeySbox192.rsp in Resources */,
				37AC88161D237FB900FA4FEA /* CFB1VarKey192.rsp in Resources */,
				37AC88191D237FB900FA4FEA /* CFB1VarTxt192.rsp in Resources */,
				37AC881A1D237FB900FA4FEA /* CFB1VarTxt256.rsp in Resources */,
				37AC88421D237FB900FA4FEA /* OFBVarTxt128.rsp in Resources */,
				37AC88501D237FB900FA4FEA /* CBCVarTxt256.rsp in Resources */,
				37AC88391D237FB900FA4FEA /* OFBGFSbox128.rsp in Resources */,
				37AC883A1D237FB900FA4FEA /* OFBGFSbox192.rsp in Resources */,
				37AC882A1D237FB900FA4FEA /* CFB128VarTxt128.rsp in Resources */,
				37AC883C1D237FB900FA4FEA /* OFBKeySbox128.rsp in Resources */,
				37AC88351D237FB900FA4FEA /* ECBVarKey256.rsp in Resources */,
				37AC882C1D237FB900FA4FEA /* CFB128VarTxt256.rsp in Resources */,
				37AC88331D237FB900FA4FEA /* ECBVarKey128.rsp in Resources */,
				37AC882D1D237FB900FA4FEA /* ECBGFSbox128.rsp in Resources */,
				37AC88261D237FB900FA4FEA /* CFB8VarTxt256.rsp in Resources */,
				37AC88251D237FB900FA4FEA /* CFB8VarTxt192.rsp in Resources */,
				37AC88131D237FB900FA4FEA /* CFB1KeySbox192.rsp in Resources */,
				37AC88451D237FB900FA4FEA /* CBCGFSbox128.rsp in Resources */,
				37AC88431D237FB900FA4FEA /* OFBVarTxt192.rsp in Resources */,
				37AC88401D237FB900FA4FEA /* OFBVarKey192.rsp in Resources */,
				37AC883B1D237FB900FA4FEA /* OFBGFSbox256.rsp in Resources */,
				37AC884D1D237FB900FA4FEA /* CBCVarKey256.rsp in Resources */,
			);
			runOnlyForDeploymentPostprocessing = 0;
		};
/* End PBXResourcesBuildPhase section */

/* Begin PBXShellScriptBuildPhase section */
		33F5255BEFBC5036A6297CF4 /* [CP] Copy Pods Resources */ = {
			isa = PBXShellScriptBuildPhase;
			buildActionMask = 2147483647;
			files = (
			);
			inputPaths = (
			);
			name = "[CP] Copy Pods Resources";
			outputPaths = (
			);
			runOnlyForDeploymentPostprocessing = 0;
			shellPath = /bin/sh;
			shellScript = "\"${SRCROOT}/Pods/Target Support Files/Pods-UncommonCrypto_Example/Pods-UncommonCrypto_Example-resources.sh\"\n";
			showEnvVarsInLog = 0;
		};
		678C472A43F2EBDD80995730 /* [CP] Embed Pods Frameworks */ = {
			isa = PBXShellScriptBuildPhase;
			buildActionMask = 2147483647;
			files = (
			);
			inputPaths = (
			);
			name = "[CP] Embed Pods Frameworks";
			outputPaths = (
			);
			runOnlyForDeploymentPostprocessing = 0;
			shellPath = /bin/sh;
			shellScript = "\"${SRCROOT}/Pods/Target Support Files/Pods-UncommonCrypto_Tests/Pods-UncommonCrypto_Tests-frameworks.sh\"\n";
			showEnvVarsInLog = 0;
		};
		6CD7AD2667E7E917EFA22BAF /* [CP] Copy Pods Resources */ = {
			isa = PBXShellScriptBuildPhase;
			buildActionMask = 2147483647;
			files = (
			);
			inputPaths = (
			);
			name = "[CP] Copy Pods Resources";
			outputPaths = (
			);
			runOnlyForDeploymentPostprocessing = 0;
			shellPath = /bin/sh;
			shellScript = "\"${SRCROOT}/Pods/Target Support Files/Pods-UncommonCrypto_Tests/Pods-UncommonCrypto_Tests-resources.sh\"\n";
			showEnvVarsInLog = 0;
		};
		823AB634DD363A88C03FCB33 /* [CP] Embed Pods Frameworks */ = {
			isa = PBXShellScriptBuildPhase;
			buildActionMask = 2147483647;
			files = (
			);
			inputPaths = (
			);
			name = "[CP] Embed Pods Frameworks";
			outputPaths = (
			);
			runOnlyForDeploymentPostprocessing = 0;
			shellPath = /bin/sh;
			shellScript = "\"${SRCROOT}/Pods/Target Support Files/Pods-UncommonCrypto_Example/Pods-UncommonCrypto_Example-frameworks.sh\"\n";
			showEnvVarsInLog = 0;
		};
		A3A5ED36481423E284D4F8E0 /* [CP] Check Pods Manifest.lock */ = {
			isa = PBXShellScriptBuildPhase;
			buildActionMask = 2147483647;
			files = (
			);
			inputPaths = (
			);
			name = "[CP] Check Pods Manifest.lock";
			outputPaths = (
			);
			runOnlyForDeploymentPostprocessing = 0;
			shellPath = /bin/sh;
			shellScript = "diff \"${PODS_ROOT}/../Podfile.lock\" \"${PODS_ROOT}/Manifest.lock\" > /dev/null\nif [[ $? != 0 ]] ; then\n    cat << EOM\nerror: The sandbox is not in sync with the Podfile.lock. Run 'pod install' or update your CocoaPods installation.\nEOM\n    exit 1\nfi\n";
			showEnvVarsInLog = 0;
		};
		DD249F23F8937F578D15D17E /* [CP] Check Pods Manifest.lock */ = {
			isa = PBXShellScriptBuildPhase;
			buildActionMask = 2147483647;
			files = (
			);
			inputPaths = (
			);
			name = "[CP] Check Pods Manifest.lock";
			outputPaths = (
			);
			runOnlyForDeploymentPostprocessing = 0;
			shellPath = /bin/sh;
			shellScript = "diff \"${PODS_ROOT}/../Podfile.lock\" \"${PODS_ROOT}/Manifest.lock\" > /dev/null\nif [[ $? != 0 ]] ; then\n    cat << EOM\nerror: The sandbox is not in sync with the Podfile.lock. Run 'pod install' or update your CocoaPods installation.\nEOM\n    exit 1\nfi\n";
			showEnvVarsInLog = 0;
		};
/* End PBXShellScriptBuildPhase section */

/* Begin PBXSourcesBuildPhase section */
		607FACCC1AFB9204008FA782 /* Sources */ = {
			isa = PBXSourcesBuildPhase;
			buildActionMask = 2147483647;
			files = (
				372854971D21D3E800071B98 /* NSData+CRC32.m in Sources */,
				607FACD81AFB9204008FA782 /* ViewController.swift in Sources */,
				607FACD61AFB9204008FA782 /* AppDelegate.swift in Sources */,
			);
			runOnlyForDeploymentPostprocessing = 0;
		};
		607FACE11AFB9204008FA782 /* Sources */ = {
			isa = PBXSourcesBuildPhase;
			buildActionMask = 2147483647;
			files = (
				37AC88581D2387CA00FA4FEA /* NISTEncryptionTests.swift in Sources */,
				37A65EAD1D22BA3F0051F1FD /* EncryptionTests.swift in Sources */,
				372E96551D2156C4006D99A0 /* KeyDerivationTests.swift in Sources */,
				607FACEC1AFB9204008FA782 /* HashTests.swift in Sources */,
			);
			runOnlyForDeploymentPostprocessing = 0;
		};
/* End PBXSourcesBuildPhase section */

/* Begin PBXTargetDependency section */
		607FACE71AFB9204008FA782 /* PBXTargetDependency */ = {
			isa = PBXTargetDependency;
			target = 607FACCF1AFB9204008FA782 /* UncommonCrypto_Example */;
			targetProxy = 607FACE61AFB9204008FA782 /* PBXContainerItemProxy */;
		};
/* End PBXTargetDependency section */

/* Begin PBXVariantGroup section */
		607FACD91AFB9204008FA782 /* Main.storyboard */ = {
			isa = PBXVariantGroup;
			children = (
				607FACDA1AFB9204008FA782 /* Base */,
			);
			name = Main.storyboard;
			sourceTree = "<group>";
		};
		607FACDE1AFB9204008FA782 /* LaunchScreen.xib */ = {
			isa = PBXVariantGroup;
			children = (
				607FACDF1AFB9204008FA782 /* Base */,
			);
			name = LaunchScreen.xib;
			sourceTree = "<group>";
		};
/* End PBXVariantGroup section */

/* Begin XCBuildConfiguration section */
		607FACED1AFB9204008FA782 /* Debug */ = {
			isa = XCBuildConfiguration;
			buildSettings = {
				ALWAYS_SEARCH_USER_PATHS = NO;
				CLANG_CXX_LANGUAGE_STANDARD = "gnu++0x";
				CLANG_CXX_LIBRARY = "libc++";
				CLANG_ENABLE_MODULES = YES;
				CLANG_ENABLE_OBJC_ARC = YES;
				CLANG_WARN_BOOL_CONVERSION = YES;
				CLANG_WARN_CONSTANT_CONVERSION = YES;
				CLANG_WARN_DIRECT_OBJC_ISA_USAGE = YES_ERROR;
				CLANG_WARN_EMPTY_BODY = YES;
				CLANG_WARN_ENUM_CONVERSION = YES;
				CLANG_WARN_INT_CONVERSION = YES;
				CLANG_WARN_OBJC_ROOT_CLASS = YES_ERROR;
				CLANG_WARN_UNREACHABLE_CODE = YES;
				CLANG_WARN__DUPLICATE_METHOD_MATCH = YES;
				"CODE_SIGN_IDENTITY[sdk=iphoneos*]" = "iPhone Developer";
				COPY_PHASE_STRIP = NO;
				DEBUG_INFORMATION_FORMAT = "dwarf-with-dsym";
				ENABLE_STRICT_OBJC_MSGSEND = YES;
				ENABLE_TESTABILITY = YES;
				GCC_C_LANGUAGE_STANDARD = gnu99;
				GCC_DYNAMIC_NO_PIC = NO;
				GCC_NO_COMMON_BLOCKS = YES;
				GCC_OPTIMIZATION_LEVEL = 0;
				GCC_PREPROCESSOR_DEFINITIONS = (
					"DEBUG=1",
					"$(inherited)",
				);
				GCC_SYMBOLS_PRIVATE_EXTERN = NO;
				GCC_WARN_64_TO_32_BIT_CONVERSION = YES;
				GCC_WARN_ABOUT_RETURN_TYPE = YES_ERROR;
				GCC_WARN_UNDECLARED_SELECTOR = YES;
				GCC_WARN_UNINITIALIZED_AUTOS = YES_AGGRESSIVE;
				GCC_WARN_UNUSED_FUNCTION = YES;
				GCC_WARN_UNUSED_VARIABLE = YES;
				IPHONEOS_DEPLOYMENT_TARGET = 8.3;
				MTL_ENABLE_DEBUG_INFO = YES;
				ONLY_ACTIVE_ARCH = YES;
				SDKROOT = iphoneos;
				SWIFT_OPTIMIZATION_LEVEL = "-Onone";
			};
			name = Debug;
		};
		607FACEE1AFB9204008FA782 /* Release */ = {
			isa = XCBuildConfiguration;
			buildSettings = {
				ALWAYS_SEARCH_USER_PATHS = NO;
				CLANG_CXX_LANGUAGE_STANDARD = "gnu++0x";
				CLANG_CXX_LIBRARY = "libc++";
				CLANG_ENABLE_MODULES = YES;
				CLANG_ENABLE_OBJC_ARC = YES;
				CLANG_WARN_BOOL_CONVERSION = YES;
				CLANG_WARN_CONSTANT_CONVERSION = YES;
				CLANG_WARN_DIRECT_OBJC_ISA_USAGE = YES_ERROR;
				CLANG_WARN_EMPTY_BODY = YES;
				CLANG_WARN_ENUM_CONVERSION = YES;
				CLANG_WARN_INT_CONVERSION = YES;
				CLANG_WARN_OBJC_ROOT_CLASS = YES_ERROR;
				CLANG_WARN_UNREACHABLE_CODE = YES;
				CLANG_WARN__DUPLICATE_METHOD_MATCH = YES;
				"CODE_SIGN_IDENTITY[sdk=iphoneos*]" = "iPhone Developer";
				COPY_PHASE_STRIP = NO;
				DEBUG_INFORMATION_FORMAT = "dwarf-with-dsym";
				ENABLE_NS_ASSERTIONS = NO;
				ENABLE_STRICT_OBJC_MSGSEND = YES;
				GCC_C_LANGUAGE_STANDARD = gnu99;
				GCC_NO_COMMON_BLOCKS = YES;
				GCC_WARN_64_TO_32_BIT_CONVERSION = YES;
				GCC_WARN_ABOUT_RETURN_TYPE = YES_ERROR;
				GCC_WARN_UNDECLARED_SELECTOR = YES;
				GCC_WARN_UNINITIALIZED_AUTOS = YES_AGGRESSIVE;
				GCC_WARN_UNUSED_FUNCTION = YES;
				GCC_WARN_UNUSED_VARIABLE = YES;
				IPHONEOS_DEPLOYMENT_TARGET = 8.3;
				MTL_ENABLE_DEBUG_INFO = NO;
				SDKROOT = iphoneos;
				VALIDATE_PRODUCT = YES;
			};
			name = Release;
		};
		607FACF01AFB9204008FA782 /* Debug */ = {
			isa = XCBuildConfiguration;
			baseConfigurationReference = F2FADFEFB904D36AE960991F /* Pods-UncommonCrypto_Example.debug.xcconfig */;
			buildSettings = {
				ASSETCATALOG_COMPILER_APPICON_NAME = AppIcon;
				CLANG_ENABLE_MODULES = YES;
				INFOPLIST_FILE = UncommonCrypto/Info.plist;
				LD_RUNPATH_SEARCH_PATHS = "$(inherited) @executable_path/Frameworks";
				MODULE_NAME = ExampleApp;
				PRODUCT_BUNDLE_IDENTIFIER = "org.cocoapods.demo.$(PRODUCT_NAME:rfc1034identifier)";
				PRODUCT_NAME = "$(TARGET_NAME)";
				SWIFT_OBJC_BRIDGING_HEADER = "UncommonCrypto/UncommonCrypto_Example-Bridging-Header.h";
				SWIFT_OPTIMIZATION_LEVEL = "-Onone";
			};
			name = Debug;
		};
		607FACF11AFB9204008FA782 /* Release */ = {
			isa = XCBuildConfiguration;
			baseConfigurationReference = 5E70624F58ACCC7267962E0C /* Pods-UncommonCrypto_Example.release.xcconfig */;
			buildSettings = {
				ASSETCATALOG_COMPILER_APPICON_NAME = AppIcon;
				CLANG_ENABLE_MODULES = YES;
				INFOPLIST_FILE = UncommonCrypto/Info.plist;
				LD_RUNPATH_SEARCH_PATHS = "$(inherited) @executable_path/Frameworks";
				MODULE_NAME = ExampleApp;
				PRODUCT_BUNDLE_IDENTIFIER = "org.cocoapods.demo.$(PRODUCT_NAME:rfc1034identifier)";
				PRODUCT_NAME = "$(TARGET_NAME)";
				SWIFT_OBJC_BRIDGING_HEADER = "UncommonCrypto/UncommonCrypto_Example-Bridging-Header.h";
			};
			name = Release;
		};
		607FACF31AFB9204008FA782 /* Debug */ = {
			isa = XCBuildConfiguration;
			baseConfigurationReference = 607B46EE9C5728F5C1B3E863 /* Pods-UncommonCrypto_Tests.debug.xcconfig */;
			buildSettings = {
				FRAMEWORK_SEARCH_PATHS = (
					"$(SDKROOT)/Developer/Library/Frameworks",
					"$(inherited)",
				);
				GCC_PREPROCESSOR_DEFINITIONS = (
					"DEBUG=1",
					"$(inherited)",
				);
				INFOPLIST_FILE = Tests/Info.plist;
				LD_RUNPATH_SEARCH_PATHS = "$(inherited) @executable_path/Frameworks @loader_path/Frameworks $(FRAMEWORK_SEARCH_PATHS)";
				PRODUCT_BUNDLE_IDENTIFIER = "org.cocoapods.$(PRODUCT_NAME:rfc1034identifier)";
				PRODUCT_NAME = "$(TARGET_NAME)";
			};
			name = Debug;
		};
		607FACF41AFB9204008FA782 /* Release */ = {
			isa = XCBuildConfiguration;
			baseConfigurationReference = 20924C308276F545A115ABEA /* Pods-UncommonCrypto_Tests.release.xcconfig */;
			buildSettings = {
				FRAMEWORK_SEARCH_PATHS = (
					"$(SDKROOT)/Developer/Library/Frameworks",
					"$(inherited)",
				);
				INFOPLIST_FILE = Tests/Info.plist;
				LD_RUNPATH_SEARCH_PATHS = "$(inherited) @executable_path/Frameworks @loader_path/Frameworks $(FRAMEWORK_SEARCH_PATHS)";
				PRODUCT_BUNDLE_IDENTIFIER = "org.cocoapods.$(PRODUCT_NAME:rfc1034identifier)";
				PRODUCT_NAME = "$(TARGET_NAME)";
			};
			name = Release;
		};
/* End XCBuildConfiguration section */

/* Begin XCConfigurationList section */
		607FACCB1AFB9204008FA782 /* Build configuration list for PBXProject "UncommonCrypto" */ = {
			isa = XCConfigurationList;
			buildConfigurations = (
				607FACED1AFB9204008FA782 /* Debug */,
				607FACEE1AFB9204008FA782 /* Release */,
			);
			defaultConfigurationIsVisible = 0;
			defaultConfigurationName = Release;
		};
		607FACEF1AFB9204008FA782 /* Build configuration list for PBXNativeTarget "UncommonCrypto_Example" */ = {
			isa = XCConfigurationList;
			buildConfigurations = (
				607FACF01AFB9204008FA782 /* Debug */,
				607FACF11AFB9204008FA782 /* Release */,
			);
			defaultConfigurationIsVisible = 0;
			defaultConfigurationName = Release;
		};
		607FACF21AFB9204008FA782 /* Build configuration list for PBXNativeTarget "UncommonCrypto_Tests" */ = {
			isa = XCConfigurationList;
			buildConfigurations = (
				607FACF31AFB9204008FA782 /* Debug */,
				607FACF41AFB9204008FA782 /* Release */,
			);
			defaultConfigurationIsVisible = 0;
			defaultConfigurationName = Release;
		};
/* End XCConfigurationList section */
	};
	rootObject = 607FACC81AFB9204008FA782 /* Project object */;
}
